
Microsoft Visual Studio Solution File, Format Version 11.00
# Visual Studio 2010
Project("{E24C65DC-7377-472B-9ABA-BC803B73C61A}") = "WebServiceTest", "D:\CTT\HTML 5_wrkshp\WebServiceTest", "{911869A5-A2F6-4922-B2DB-D1C31EE30E8F}"
	ProjectSection(WebsiteProperties) = preProject
		TargetFrameworkMoniker = ".NETFramework,Version%3Dv3.5"
		Debug.AspNetCompiler.VirtualPath = "/WebServiceTest"
		Debug.AspNetCompiler.PhysicalPath = "D:\CTT\HTML 5_wrkshp\WebServiceTest\"
		Debug.AspNetCompiler.TargetPath = "PrecompiledWeb\WebServiceTest\"
		Debug.AspNetCompiler.Updateable = "true"
		Debug.AspNetCompiler.ForceOverwrite = "true"
		Debug.AspNetCompiler.FixedNames = "false"
		Debug.AspNetCompiler.Debug = "True"
		Release.AspNetCompiler.VirtualPath = "/WebServiceTest"
		Release.AspNetCompiler.PhysicalPath = "D:\CTT\HTML 5_wrkshp\WebServiceTest\"
		Release.AspNetCompiler.TargetPath = "PrecompiledWeb\WebServiceTest\"
		Release.AspNetCompiler.Updateable = "true"
		Release.AspNetCompiler.ForceOverwrite = "true"
		Release.AspNetCompiler.FixedNames = "false"
		Release.AspNetCompiler.Debug = "False"
		VWDPort = "9651"
		DefaultWebSiteLanguage = "Visual C#"
	EndProjectSection
EndProject
Global
	GlobalSection(SolutionConfigurationPlatforms) = preSolution
		Debug|Any CPU = Debug|Any CPU
	EndGlobalSection
	GlobalSection(ProjectConfigurationPlatforms) = postSolution
		{911869A5-A2F6-4922-B2DB-D1C31EE30E8F}.Debug|Any CPU.ActiveCfg = Debug|Any CPU
		{911869A5-A2F6-4922-B2DB-D1C31EE30E8F}.Debug|Any CPU.Build.0 = Debug|Any CPU
	EndGlobalSection
	GlobalSection(SolutionProperties) = preSolution
		HideSolutionNode = FALSE
	EndGlobalSection
EndGlobal
